
Microsoft Visual Studio Solution File, Format Version 12.00
# Visual Studio 15
VisualStudioVersion = 15.0.25807.0
MinimumVisualStudioVersion = 10.0.40219.1
Project("{2150E333-8FDC-42A3-9474-1A3956D46DE8}") = "Engine", "Engine", "{E5A2486B-C137-47A9-A28C-F1AECC484C74}"
EndProject
Project("{2150E333-8FDC-42A3-9474-1A3956D46DE8}") = "Games", "Games", "{0751D3E5-C938-4613-B68C-324C7EBF32CD}"
EndProject
Project("{8BC9CEB8-8B4A-11D0-8D11-00A0C91BC942}") = "EditExtend01", "Intermediate\ProjectFiles\EditExtend01.vcxproj", "{3FAC46D9-63C2-4BDD-AB34-CDE8F3139366}"
EndProject
Project("{8BC9CEB8-8B4A-11D0-8D11-00A0C91BC942}") = "UE4", "Intermediate\ProjectFiles\UE4.vcxproj", "{D3287257-CC46-4781-A1D9-6C856ADE842A}"
EndProject
Project("{2150E333-8FDC-42A3-9474-1A3956D46DE8}") = "Visualizers", "Visualizers", "{473552E6-43AC-496D-90E8-F2DC23A9D04A}"
	ProjectSection(SolutionItems) = preProject
		..\..\..\UnrealRes\UE_4.21\Engine\Extras\VisualStudioDebugging\UE4.natvis = ..\..\..\UnrealRes\UE_4.21\Engine\Extras\VisualStudioDebugging\UE4.natvis
	EndProjectSection
EndProject
Global
	GlobalSection(SolutionConfigurationPlatforms) = preSolution
		DebugGame Editor|Android = DebugGame Editor|Android
		DebugGame Editor|HTML5 = DebugGame Editor|HTML5
		DebugGame Editor|Win32 = DebugGame Editor|Win32
		DebugGame Editor|Win64 = DebugGame Editor|Win64
		DebugGame|Android = DebugGame|Android
		DebugGame|HTML5 = DebugGame|HTML5
		DebugGame|Win32 = DebugGame|Win32
		DebugGame|Win64 = DebugGame|Win64
		Development Editor|Android = Development Editor|Android
		Development Editor|HTML5 = Development Editor|HTML5
		Development Editor|Win32 = Development Editor|Win32
		Development Editor|Win64 = Development Editor|Win64
		Development|Android = Development|Android
		Development|HTML5 = Development|HTML5
		Development|Win32 = Development|Win32
		Development|Win64 = Development|Win64
		Shipping|Android = Shipping|Android
		Shipping|HTML5 = Shipping|HTML5
		Shipping|Win32 = Shipping|Win32
		Shipping|Win64 = Shipping|Win64
	EndGlobalSection
	GlobalSection(ProjectConfigurationPlatforms) = postSolution
		{3FAC46D9-63C2-4BDD-AB34-CDE8F3139366}.DebugGame Editor|Android.ActiveCfg = Invalid|Win32
		{3FAC46D9-63C2-4BDD-AB34-CDE8F3139366}.DebugGame Editor|HTML5.ActiveCfg = Invalid|Win32
		{3FAC46D9-63C2-4BDD-AB34-CDE8F3139366}.DebugGame Editor|Win32.ActiveCfg = Invalid|Win32
		{3FAC46D9-63C2-4BDD-AB34-CDE8F3139366}.DebugGame Editor|Win64.ActiveCfg = DebugGame_Editor|x64
		{3FAC46D9-63C2-4BDD-AB34-CDE8F3139366}.DebugGame Editor|Win64.Build.0 = DebugGame_Editor|x64
		{3FAC46D9-63C2-4BDD-AB34-CDE8F3139366}.DebugGame|Android.ActiveCfg = Android_DebugGame|Win32
		{3FAC46D9-63C2-4BDD-AB34-CDE8F3139366}.DebugGame|Android.Build.0 = Android_DebugGame|Win32
		{3FAC46D9-63C2-4BDD-AB34-CDE8F3139366}.DebugGame|HTML5.ActiveCfg = HTML5_DebugGame|Win32
		{3FAC46D9-63C2-4BDD-AB34-CDE8F3139366}.DebugGame|HTML5.Build.0 = HTML5_DebugGame|Win32
		{3FAC46D9-63C2-4BDD-AB34-CDE8F3139366}.DebugGame|Win32.ActiveCfg = DebugGame|Win32
		{3FAC46D9-63C2-4BDD-AB34-CDE8F3139366}.DebugGame|Win32.Build.0 = DebugGame|Win32
		{3FAC46D9-63C2-4BDD-AB34-CDE8F3139366}.DebugGame|Win64.ActiveCfg = DebugGame|x64
		{3FAC46D9-63C2-4BDD-AB34-CDE8F3139366}.DebugGame|Win64.Build.0 = DebugGame|x64
		{3FAC46D9-63C2-4BDD-AB34-CDE8F3139366}.Development Editor|Android.ActiveCfg = Invalid|Win32
		{3FAC46D9-63C2-4BDD-AB34-CDE8F3139366}.Development Editor|HTML5.ActiveCfg = Invalid|Win32
		{3FAC46D9-63C2-4BDD-AB34-CDE8F3139366}.Development Editor|Win32.ActiveCfg = Invalid|Win32
		{3FAC46D9-63C2-4BDD-AB34-CDE8F3139366}.Development Editor|Win64.ActiveCfg = Development_Editor|x64
		{3FAC46D9-63C2-4BDD-AB34-CDE8F3139366}.Development Editor|Win64.Build.0 = Development_Editor|x64
		{3FAC46D9-63C2-4BDD-AB34-CDE8F3139366}.Development|Android.ActiveCfg = Android_Development|Win32
		{3FAC46D9-63C2-4BDD-AB34-CDE8F3139366}.Development|Android.Build.0 = Android_Development|Win32
		{3FAC46D9-63C2-4BDD-AB34-CDE8F3139366}.Development|HTML5.ActiveCfg = HTML5_Development|Win32
		{3FAC46D9-63C2-4BDD-AB34-CDE8F3139366}.Development|HTML5.Build.0 = HTML5_Development|Win32
		{3FAC46D9-63C2-4BDD-AB34-CDE8F3139366}.Development|Win32.ActiveCfg = Development|Win32
		{3FAC46D9-63C2-4BDD-AB34-CDE8F3139366}.Development|Win32.Build.0 = Development|Win32
		{3FAC46D9-63C2-4BDD-AB34-CDE8F3139366}.Development|Win64.ActiveCfg = Development|x64
		{3FAC46D9-63C2-4BDD-AB34-CDE8F3139366}.Development|Win64.Build.0 = Development|x64
		{3FAC46D9-63C2-4BDD-AB34-CDE8F3139366}.Shipping|Android.ActiveCfg = Android_Shipping|Win32
		{3FAC46D9-63C2-4BDD-AB34-CDE8F3139366}.Shipping|Android.Build.0 = Android_Shipping|Win32
		{3FAC46D9-63C2-4BDD-AB34-CDE8F3139366}.Shipping|HTML5.ActiveCfg = HTML5_Shipping|Win32
		{3FAC46D9-63C2-4BDD-AB34-CDE8F3139366}.Shipping|HTML5.Build.0 = HTML5_Shipping|Win32
		{3FAC46D9-63C2-4BDD-AB34-CDE8F3139366}.Shipping|Win32.ActiveCfg = Shipping|Win32
		{3FAC46D9-63C2-4BDD-AB34-CDE8F3139366}.Shipping|Win32.Build.0 = Shipping|Win32
		{3FAC46D9-63C2-4BDD-AB34-CDE8F3139366}.Shipping|Win64.ActiveCfg = Shipping|x64
		{3FAC46D9-63C2-4BDD-AB34-CDE8F3139366}.Shipping|Win64.Build.0 = Shipping|x64
		{D3287257-CC46-4781-A1D9-6C856ADE842A}.DebugGame Editor|Android.ActiveCfg = BuiltWithUnrealBuildTool|Win32
		{D3287257-CC46-4781-A1D9-6C856ADE842A}.DebugGame Editor|HTML5.ActiveCfg = BuiltWithUnrealBuildTool|Win32
		{D3287257-CC46-4781-A1D9-6C856ADE842A}.DebugGame Editor|Win32.ActiveCfg = BuiltWithUnrealBuildTool|Win32
		{D3287257-CC46-4781-A1D9-6C856ADE842A}.DebugGame Editor|Win64.ActiveCfg = BuiltWithUnrealBuildTool|Win32
		{D3287257-CC46-4781-A1D9-6C856ADE842A}.DebugGame|Android.ActiveCfg = BuiltWithUnrealBuildTool|Win32
		{D3287257-CC46-4781-A1D9-6C856ADE842A}.DebugGame|HTML5.ActiveCfg = BuiltWithUnrealBuildTool|Win32
		{D3287257-CC46-4781-A1D9-6C856ADE842A}.DebugGame|Win32.ActiveCfg = BuiltWithUnrealBuildTool|Win32
		{D3287257-CC46-4781-A1D9-6C856ADE842A}.DebugGame|Win64.ActiveCfg = BuiltWithUnrealBuildTool|Win32
		{D3287257-CC46-4781-A1D9-6C856ADE842A}.Development Editor|Android.ActiveCfg = BuiltWithUnrealBuildTool|Win32
		{D3287257-CC46-4781-A1D9-6C856ADE842A}.Development Editor|HTML5.ActiveCfg = BuiltWithUnrealBuildTool|Win32
		{D3287257-CC46-4781-A1D9-6C856ADE842A}.Development Editor|Win32.ActiveCfg = BuiltWithUnrealBuildTool|Win32
		{D3287257-CC46-4781-A1D9-6C856ADE842A}.Development Editor|Win64.ActiveCfg = BuiltWithUnrealBuildTool|Win32
		{D3287257-CC46-4781-A1D9-6C856ADE842A}.Development|Android.ActiveCfg = BuiltWithUnrealBuildTool|Win32
		{D3287257-CC46-4781-A1D9-6C856ADE842A}.Development|HTML5.ActiveCfg = BuiltWithUnrealBuildTool|Win32
		{D3287257-CC46-4781-A1D9-6C856ADE842A}.Development|Win32.ActiveCfg = BuiltWithUnrealBuildTool|Win32
		{D3287257-CC46-4781-A1D9-6C856ADE842A}.Development|Win64.ActiveCfg = BuiltWithUnrealBuildTool|Win32
		{D3287257-CC46-4781-A1D9-6C856ADE842A}.Shipping|Android.ActiveCfg = BuiltWithUnrealBuildTool|Win32
		{D3287257-CC46-4781-A1D9-6C856ADE842A}.Shipping|HTML5.ActiveCfg = BuiltWithUnrealBuildTool|Win32
		{D3287257-CC46-4781-A1D9-6C856ADE842A}.Shipping|Win32.ActiveCfg = BuiltWithUnrealBuildTool|Win32
		{D3287257-CC46-4781-A1D9-6C856ADE842A}.Shipping|Win64.ActiveCfg = BuiltWithUnrealBuildTool|Win32
	EndGlobalSection
	GlobalSection(SolutionProperties) = preSolution
		HideSolutionNode = FALSE
	EndGlobalSection
	GlobalSection(NestedProjects) = preSolution
		{D3287257-CC46-4781-A1D9-6C856ADE842A} = {E5A2486B-C137-47A9-A28C-F1AECC484C74}
		{3FAC46D9-63C2-4BDD-AB34-CDE8F3139366} = {0751D3E5-C938-4613-B68C-324C7EBF32CD}
	EndGlobalSection
EndGlobal
